{
  "object": {
    "pins": [
      {
        "package": "Introspect",
        "repositoryURL": "https://github.com/siteline/SwiftUI-Introspect.git",
        "state": {
          "branch": null,
          "revision": "36ecf80429d00a4cd1e81fbfe4655b1d99ebd651",
          "version": "0.1.2"
        }
      },
      {
        "package": "SwizzleSwift",
        "repositoryURL": "https://github.com/MarioIannotta/SwizzleSwift",
        "state": {
          "branch": "master",
          "revision": "e2d31c646182bf94a496b173c6ee5ad191230e9a",
          "version": null
        }
      },
      {
        "package": "ViewInspector",
        "repositoryURL": "https://github.com/nalexn/ViewInspector",
        "state": {
          "branch": null,
          "revision": "ef7874a423f3610a4ce4e396d9a61494f5e96b56",
          "version": "0.6.0"
        }
      }
    ]
  },
  "version": 1
}
