{
  "object": {
    "pins": [
      {
        "package": "Introspect",
        "repositoryURL": "https://github.com/siteline/SwiftUI-Introspect.git",
        "state": {
          "branch": null,
          "revision": "36ecf80429d00a4cd1e81fbfe4655b1d99ebd651",
          "version": "0.1.2"
        }
      },
      {
        "package": "ViewInspector",
        "repositoryURL": "https://github.com/Amzd/ViewInspector",
        "state": {
          "branch": "master",
          "revision": "eaa49374f2ff6204db39f16e73877cd4fcaa921e",
          "version": null
        }
      }
    ]
  },
  "version": 1
}
